
Microsoft Visual Studio Solution File, Format Version 10.00
# Visual C++ Express 2008
Project("{8BC9CEB8-8B4A-11D0-8D11-00A0C91BC942}") = "arducom", "arducom\arducom.vcproj", "{3345388B-1A39-48D0-B20C-234697E20619}"
EndProject
Global
	GlobalSection(SolutionConfigurationPlatforms) = preSolution
		Debug|Win32 = Debug|Win32
		Release|Win32 = Release|Win32
	EndGlobalSection
	GlobalSection(ProjectConfigurationPlatforms) = postSolution
		{3345388B-1A39-48D0-B20C-234697E20619}.Debug|Win32.ActiveCfg = Debug|Win32
		{3345388B-1A39-48D0-B20C-234697E20619}.Debug|Win32.Build.0 = Debug|Win32
		{3345388B-1A39-48D0-B20C-234697E20619}.Release|Win32.ActiveCfg = Release|Win32
		{3345388B-1A39-48D0-B20C-234697E20619}.Release|Win32.Build.0 = Release|Win32
	EndGlobalSection
	GlobalSection(SolutionProperties) = preSolution
		HideSolutionNode = FALSE
	EndGlobalSection
EndGlobal
